
Microsoft Visual Studio Solution File, Format Version 12.00
# Visual Studio Version 17
VisualStudioVersion = 17.8.34408.163
MinimumVisualStudioVersion = 10.0.40219.1
Project("{9A19103F-16F7-4668-BE54-9A1E7A4F7556}") = "Movies_DatabaseAccess", "CodeAlong_240215\CodeAlong_240215\Movies_DatabaseAccess.csproj", "{2AA581BA-696D-4F09-8428-089281AF3D0C}"
EndProject
Project("{9A19103F-16F7-4668-BE54-9A1E7A4F7556}") = "CodeAlong_240215.Client", "CodeAlong_240215\CodeAlong_240215.Client\CodeAlong_240215.Client.csproj", "{D91D055D-6454-4A43-B483-315E36908A04}"
EndProject
Global
	GlobalSection(SolutionConfigurationPlatforms) = preSolution
		Debug|Any CPU = Debug|Any CPU
		Release|Any CPU = Release|Any CPU
	EndGlobalSection
	GlobalSection(ProjectConfigurationPlatforms) = postSolution
		{2AA581BA-696D-4F09-8428-089281AF3D0C}.Debug|Any CPU.ActiveCfg = Debug|Any CPU
		{2AA581BA-696D-4F09-8428-089281AF3D0C}.Debug|Any CPU.Build.0 = Debug|Any CPU
		{2AA581BA-696D-4F09-8428-089281AF3D0C}.Release|Any CPU.ActiveCfg = Release|Any CPU
		{2AA581BA-696D-4F09-8428-089281AF3D0C}.Release|Any CPU.Build.0 = Release|Any CPU
		{D91D055D-6454-4A43-B483-315E36908A04}.Debug|Any CPU.ActiveCfg = Debug|Any CPU
		{D91D055D-6454-4A43-B483-315E36908A04}.Debug|Any CPU.Build.0 = Debug|Any CPU
		{D91D055D-6454-4A43-B483-315E36908A04}.Release|Any CPU.ActiveCfg = Release|Any CPU
		{D91D055D-6454-4A43-B483-315E36908A04}.Release|Any CPU.Build.0 = Release|Any CPU
	EndGlobalSection
	GlobalSection(SolutionProperties) = preSolution
		HideSolutionNode = FALSE
	EndGlobalSection
	GlobalSection(ExtensibilityGlobals) = postSolution
		SolutionGuid = {B0368E35-A72D-45D7-BBB2-B9344BC5A8A9}
	EndGlobalSection
EndGlobal
